
Microsoft Visual Studio Solution File, Format Version 12.00
# Visual Studio Version 17
VisualStudioVersion = 17.13.35931.197
MinimumVisualStudioVersion = 10.0.40219.1
Project("{F184B08F-C81C-45F6-A57F-5ABD9991F28F}") = "Pengolah Vektor", "Pengolah Vektor.vbproj", "{D92F2DD1-9F85-4FFD-879A-A03329B0F91E}"
EndProject
Global
	GlobalSection(SolutionConfigurationPlatforms) = preSolution
		Debug|Any CPU = Debug|Any CPU
		Release|Any CPU = Release|Any CPU
	EndGlobalSection
	GlobalSection(ProjectConfigurationPlatforms) = postSolution
		{D92F2DD1-9F85-4FFD-879A-A03329B0F91E}.Debug|Any CPU.ActiveCfg = Debug|Any CPU
		{D92F2DD1-9F85-4FFD-879A-A03329B0F91E}.Debug|Any CPU.Build.0 = Debug|Any CPU
		{D92F2DD1-9F85-4FFD-879A-A03329B0F91E}.Release|Any CPU.ActiveCfg = Release|Any CPU
		{D92F2DD1-9F85-4FFD-879A-A03329B0F91E}.Release|Any CPU.Build.0 = Release|Any CPU
	EndGlobalSection
	GlobalSection(SolutionProperties) = preSolution
		HideSolutionNode = FALSE
	EndGlobalSection
	GlobalSection(ExtensibilityGlobals) = postSolution
		SolutionGuid = {FACC69F1-B7AE-4986-A127-9265C8B40E38}
	EndGlobalSection
EndGlobal
